{
    "name": "@nordcom/devcontainer-features",
    "version": "0.1.0",
    "lockfileVersion": 3,
    "requires": true,
    "packages": {
        "": {
            "name": "@nordcom/devcontainer-features",
            "version": "0.1.0",
            "license": "MIT",
            "devDependencies": {
                "@nordcom/prettier": "0.1.1",
                "prettier": "3.6.2"
            }
        },
        "node_modules/@nordcom/prettier": {
            "version": "0.1.1",
            "resolved": "https://registry.npmjs.org/@nordcom/prettier/-/prettier-0.1.1.tgz",
            "integrity": "sha512-kndtRQSvqSplbVxDl2l7sBmHMe0oLy45zQjgYemsXlJr1j7tx7H3uuHw5XuwhV5okFLk+Nz+w646AXgNYpPQ+w==",
            "dev": true
        },
        "node_modules/prettier": {
            "version": "3.6.2",
            "resolved": "https://registry.npmjs.org/prettier/-/prettier-3.6.2.tgz",
            "integrity": "sha512-I7AIg5boAr5R0FFtJ6rCfD+LFsWHp81dolrFD8S79U9tb8Az2nGrJncnMSnys+bpQJfRUzqs9hnA81OAA3hCuQ==",
            "dev": true,
            "license": "MIT",
            "bin": {
                "prettier": "bin/prettier.cjs"
            },
            "engines": {
                "node": ">=14"
            },
            "funding": {
                "url": "https://github.com/prettier/prettier?sponsor=1"
            }
        }
    }
}
